
Microsoft Visual Studio Solution File, Format Version 12.00
# Visual Studio Version 17
VisualStudioVersion = 17.5.33424.131
MinimumVisualStudioVersion = 10.0.40219.1
Project("{FAE04EC0-301F-11D3-BF4B-00C04F79EFBC}") = "desafio 1", "desafio 1\desafio 1.csproj", "{2DC00063-D09A-4D8F-ACCE-8C7E77022419}"
EndProject
Project("{FAE04EC0-301F-11D3-BF4B-00C04F79EFBC}") = "desafio 2", "desafio 2\desafio 2.csproj", "{D50FE0A2-C4F9-4BA7-ACD0-76C75631E699}"
EndProject
Project("{FAE04EC0-301F-11D3-BF4B-00C04F79EFBC}") = "desafio 3", "desafio 3\desafio 3.csproj", "{F2C881C8-1AB4-4D4A-B4AD-11231A9FF728}"
EndProject
Project("{FAE04EC0-301F-11D3-BF4B-00C04F79EFBC}") = "desafio 4", "desafio 4\desafio 4.csproj", "{58A329F9-C623-4F50-87E7-26CB63313CDE}"
EndProject
Project("{FAE04EC0-301F-11D3-BF4B-00C04F79EFBC}") = "desafio 5", "desafio 5\desafio 5.csproj", "{6952E0DA-6D12-4B01-AF40-76CEF2F24514}"
EndProject
Global
	GlobalSection(SolutionConfigurationPlatforms) = preSolution
		Debug|Any CPU = Debug|Any CPU
		Release|Any CPU = Release|Any CPU
	EndGlobalSection
	GlobalSection(ProjectConfigurationPlatforms) = postSolution
		{2DC00063-D09A-4D8F-ACCE-8C7E77022419}.Debug|Any CPU.ActiveCfg = Debug|Any CPU
		{2DC00063-D09A-4D8F-ACCE-8C7E77022419}.Debug|Any CPU.Build.0 = Debug|Any CPU
		{2DC00063-D09A-4D8F-ACCE-8C7E77022419}.Release|Any CPU.ActiveCfg = Release|Any CPU
		{2DC00063-D09A-4D8F-ACCE-8C7E77022419}.Release|Any CPU.Build.0 = Release|Any CPU
		{D50FE0A2-C4F9-4BA7-ACD0-76C75631E699}.Debug|Any CPU.ActiveCfg = Debug|Any CPU
		{D50FE0A2-C4F9-4BA7-ACD0-76C75631E699}.Debug|Any CPU.Build.0 = Debug|Any CPU
		{D50FE0A2-C4F9-4BA7-ACD0-76C75631E699}.Release|Any CPU.ActiveCfg = Release|Any CPU
		{D50FE0A2-C4F9-4BA7-ACD0-76C75631E699}.Release|Any CPU.Build.0 = Release|Any CPU
		{F2C881C8-1AB4-4D4A-B4AD-11231A9FF728}.Debug|Any CPU.ActiveCfg = Debug|Any CPU
		{F2C881C8-1AB4-4D4A-B4AD-11231A9FF728}.Debug|Any CPU.Build.0 = Debug|Any CPU
		{F2C881C8-1AB4-4D4A-B4AD-11231A9FF728}.Release|Any CPU.ActiveCfg = Release|Any CPU
		{F2C881C8-1AB4-4D4A-B4AD-11231A9FF728}.Release|Any CPU.Build.0 = Release|Any CPU
		{58A329F9-C623-4F50-87E7-26CB63313CDE}.Debug|Any CPU.ActiveCfg = Debug|Any CPU
		{58A329F9-C623-4F50-87E7-26CB63313CDE}.Debug|Any CPU.Build.0 = Debug|Any CPU
		{58A329F9-C623-4F50-87E7-26CB63313CDE}.Release|Any CPU.ActiveCfg = Release|Any CPU
		{58A329F9-C623-4F50-87E7-26CB63313CDE}.Release|Any CPU.Build.0 = Release|Any CPU
		{6952E0DA-6D12-4B01-AF40-76CEF2F24514}.Debug|Any CPU.ActiveCfg = Debug|Any CPU
		{6952E0DA-6D12-4B01-AF40-76CEF2F24514}.Debug|Any CPU.Build.0 = Debug|Any CPU
		{6952E0DA-6D12-4B01-AF40-76CEF2F24514}.Release|Any CPU.ActiveCfg = Release|Any CPU
		{6952E0DA-6D12-4B01-AF40-76CEF2F24514}.Release|Any CPU.Build.0 = Release|Any CPU
	EndGlobalSection
	GlobalSection(SolutionProperties) = preSolution
		HideSolutionNode = FALSE
	EndGlobalSection
	GlobalSection(ExtensibilityGlobals) = postSolution
		SolutionGuid = {3288107C-F0F6-49FF-B697-5F3AF12492FE}
	EndGlobalSection
EndGlobal
